
Microsoft Visual Studio Solution File, Format Version 12.00
# Visual Studio 15
VisualStudioVersion = 15.0.27703.2035
MinimumVisualStudioVersion = 10.0.40219.1
Project("{9A19103F-16F7-4668-BE54-9A1E7A4F7556}") = "SuperSocket.Common", "SuperSocket.Common\SuperSocket.Common.csproj", "{EC70E2F2-5208-4BF5-9A23-3C239623284E}"
EndProject
Project("{9A19103F-16F7-4668-BE54-9A1E7A4F7556}") = "SuperSocket.SocketBase", "SuperSocket.SocketBase\SuperSocket.SocketBase.csproj", "{86809400-40BD-41A6-A65E-2937C62D9AE3}"
EndProject
Project("{9A19103F-16F7-4668-BE54-9A1E7A4F7556}") = "SuperSocket.SocketEngine", "SuperSocket.SocketEngine\SuperSocket.SocketEngine.csproj", "{22110DD2-E1FE-4F3C-AC73-BF1BF2ED1584}"
EndProject
Project("{9A19103F-16F7-4668-BE54-9A1E7A4F7556}") = "consoletest", "consoletest\consoletest.csproj", "{2025E9E0-6BC3-4A06-9C20-88400C8CB830}"
EndProject
Project("{FAE04EC0-301F-11D3-BF4B-00C04F79EFBC}") = "SuperWebSocket", "SuperWebSocket\SuperWebSocket.csproj", "{2BFD19DA-77D3-4EBE-B572-FEBB2A0BC6C9}"
EndProject
Project("{FAE04EC0-301F-11D3-BF4B-00C04F79EFBC}") = "jifan.common", "jifan.common\jifan.common.csproj", "{F979FE6A-9434-406D-A603-C74A17CF7361}"
EndProject
Project("{FAE04EC0-301F-11D3-BF4B-00C04F79EFBC}") = "jifan.ServerCenter", "jifan.ServerCenter\jifan.ServerCenter.csproj", "{527A2361-75BA-49C3-A9B1-2F15CB3C7492}"
EndProject
Global
	GlobalSection(SolutionConfigurationPlatforms) = preSolution
		Debug|Any CPU = Debug|Any CPU
		Release|Any CPU = Release|Any CPU
	EndGlobalSection
	GlobalSection(ProjectConfigurationPlatforms) = postSolution
		{EC70E2F2-5208-4BF5-9A23-3C239623284E}.Debug|Any CPU.ActiveCfg = Debug|Any CPU
		{EC70E2F2-5208-4BF5-9A23-3C239623284E}.Debug|Any CPU.Build.0 = Debug|Any CPU
		{EC70E2F2-5208-4BF5-9A23-3C239623284E}.Release|Any CPU.ActiveCfg = Release|Any CPU
		{EC70E2F2-5208-4BF5-9A23-3C239623284E}.Release|Any CPU.Build.0 = Release|Any CPU
		{86809400-40BD-41A6-A65E-2937C62D9AE3}.Debug|Any CPU.ActiveCfg = Debug|Any CPU
		{86809400-40BD-41A6-A65E-2937C62D9AE3}.Debug|Any CPU.Build.0 = Debug|Any CPU
		{86809400-40BD-41A6-A65E-2937C62D9AE3}.Release|Any CPU.ActiveCfg = Release|Any CPU
		{86809400-40BD-41A6-A65E-2937C62D9AE3}.Release|Any CPU.Build.0 = Release|Any CPU
		{22110DD2-E1FE-4F3C-AC73-BF1BF2ED1584}.Debug|Any CPU.ActiveCfg = Debug|Any CPU
		{22110DD2-E1FE-4F3C-AC73-BF1BF2ED1584}.Debug|Any CPU.Build.0 = Debug|Any CPU
		{22110DD2-E1FE-4F3C-AC73-BF1BF2ED1584}.Release|Any CPU.ActiveCfg = Release|Any CPU
		{22110DD2-E1FE-4F3C-AC73-BF1BF2ED1584}.Release|Any CPU.Build.0 = Release|Any CPU
		{2025E9E0-6BC3-4A06-9C20-88400C8CB830}.Debug|Any CPU.ActiveCfg = Debug|Any CPU
		{2025E9E0-6BC3-4A06-9C20-88400C8CB830}.Debug|Any CPU.Build.0 = Debug|Any CPU
		{2025E9E0-6BC3-4A06-9C20-88400C8CB830}.Release|Any CPU.ActiveCfg = Release|Any CPU
		{2025E9E0-6BC3-4A06-9C20-88400C8CB830}.Release|Any CPU.Build.0 = Release|Any CPU
		{2BFD19DA-77D3-4EBE-B572-FEBB2A0BC6C9}.Debug|Any CPU.ActiveCfg = Debug|Any CPU
		{2BFD19DA-77D3-4EBE-B572-FEBB2A0BC6C9}.Debug|Any CPU.Build.0 = Debug|Any CPU
		{2BFD19DA-77D3-4EBE-B572-FEBB2A0BC6C9}.Release|Any CPU.ActiveCfg = Release|Any CPU
		{2BFD19DA-77D3-4EBE-B572-FEBB2A0BC6C9}.Release|Any CPU.Build.0 = Release|Any CPU
		{F979FE6A-9434-406D-A603-C74A17CF7361}.Debug|Any CPU.ActiveCfg = Debug|Any CPU
		{F979FE6A-9434-406D-A603-C74A17CF7361}.Debug|Any CPU.Build.0 = Debug|Any CPU
		{F979FE6A-9434-406D-A603-C74A17CF7361}.Release|Any CPU.ActiveCfg = Release|Any CPU
		{F979FE6A-9434-406D-A603-C74A17CF7361}.Release|Any CPU.Build.0 = Release|Any CPU
		{527A2361-75BA-49C3-A9B1-2F15CB3C7492}.Debug|Any CPU.ActiveCfg = Debug|Any CPU
		{527A2361-75BA-49C3-A9B1-2F15CB3C7492}.Debug|Any CPU.Build.0 = Debug|Any CPU
		{527A2361-75BA-49C3-A9B1-2F15CB3C7492}.Release|Any CPU.ActiveCfg = Release|Any CPU
		{527A2361-75BA-49C3-A9B1-2F15CB3C7492}.Release|Any CPU.Build.0 = Release|Any CPU
	EndGlobalSection
	GlobalSection(SolutionProperties) = preSolution
		HideSolutionNode = FALSE
	EndGlobalSection
	GlobalSection(ExtensibilityGlobals) = postSolution
		SolutionGuid = {50A0E8F3-E812-4205-A6F3-5BA009DDAFC6}
	EndGlobalSection
EndGlobal
